
Microsoft Visual Studio Solution File, Format Version 12.00
# Visual Studio Version 17
VisualStudioVersion = 17.4.33110.190
MinimumVisualStudioVersion = 10.0.40219.1
Project("{FAE04EC0-301F-11D3-BF4B-00C04F79EFBC}") = "Playwright", "Playwright.csproj", "{B87091A9-BC49-4DBB-9A96-8E82D3F587F1}"
EndProject
Global
	GlobalSection(SolutionConfigurationPlatforms) = preSolution
		Debug|Any CPU = Debug|Any CPU
		Release|Any CPU = Release|Any CPU
	EndGlobalSection
	GlobalSection(ProjectConfigurationPlatforms) = postSolution
		{B87091A9-BC49-4DBB-9A96-8E82D3F587F1}.Debug|Any CPU.ActiveCfg = Debug|Any CPU
		{B87091A9-BC49-4DBB-9A96-8E82D3F587F1}.Debug|Any CPU.Build.0 = Debug|Any CPU
		{B87091A9-BC49-4DBB-9A96-8E82D3F587F1}.Release|Any CPU.ActiveCfg = Release|Any CPU
		{B87091A9-BC49-4DBB-9A96-8E82D3F587F1}.Release|Any CPU.Build.0 = Release|Any CPU
	EndGlobalSection
	GlobalSection(SolutionProperties) = preSolution
		HideSolutionNode = FALSE
	EndGlobalSection
	GlobalSection(ExtensibilityGlobals) = postSolution
		SolutionGuid = {5D1B0CF5-F729-4DB2-8839-5839F1E00A2A}
	EndGlobalSection
EndGlobal
